# This file is generated by running "yarn install" inside your project.
# Manual changes might be lost - proceed with caution!

__metadata:
  version: 6
  cacheKey: 8

"@prisma/client@npm:4.15.0":
  version: 4.15.0
  resolution: "@prisma/client@npm:4.15.0"
  dependencies:
    "@prisma/engines-version": 4.15.0-28.8fbc245156db7124f997f4cecdd8d1219e360944
  peerDependencies:
    prisma: "*"
  peerDependenciesMeta:
    prisma:
      optional: true
  checksum: 875eb31e702e16a50188f4762d9689a930aeb4f18a158a0a5270feefc80dc9a30935890df65d98fc9c6655d5f4f65d9943997bb86a51dd904577e7d19c6a2a7c
  languageName: node
  linkType: hard

"@prisma/engines-version@npm:4.15.0-28.8fbc245156db7124f997f4cecdd8d1219e360944":
  version: 4.15.0-28.8fbc245156db7124f997f4cecdd8d1219e360944
  resolution: "@prisma/engines-version@npm:4.15.0-28.8fbc245156db7124f997f4cecdd8d1219e360944"
  checksum: 6da6f076746aac2db043a9f15790f51c6d0e86139e1ebd83e6e046e799c0dbfa0d2df14cd7c70cc9583ce85b4bfc02e48fe1461077b79ed31ba83ad9440bb90f
  languageName: node
  linkType: hard

"@prisma/engines@npm:4.15.0":
  version: 4.15.0
  resolution: "@prisma/engines@npm:4.15.0"
  checksum: 61b53fe5ad7b0927de9aa4f51027e281788258d3fb5e389c3ae940829fdc5428a7108ce0cae5b329ddac0ee3206b0b9f8e8adae401c456f77d912c96368cfa5f
  languageName: node
  linkType: hard

"my-prisma-project@workspace:.":
  version: 0.0.0-use.local
  resolution: "my-prisma-project@workspace:."
  dependencies:
    "@prisma/client": 4.15.0
    prisma: 4.15.0
  languageName: unknown
  linkType: soft

"prisma@npm:4.15.0":
  version: 4.15.0
  resolution: "prisma@npm:4.15.0"
  dependencies:
    "@prisma/engines": 4.15.0
  bin:
    prisma: build/index.js
    prisma2: build/index.js
  checksum: a42b940396f5f101d44effad9bfccca4b062ae80a369dc44961cbc074326239340f05c5af49981b1cddb08d9155c4bcc93c4d69ed2ae4a634e1742159204cb89
  languageName: node
  linkType: hard
